version = 1
revision = 3
requires-python = "==3.12"

[[package]]
name = "certifi"
version = "2026.7.22"
source = { registry = "https://pypi.org/simple" }
sdist = { url = "https://files.pythonhosted.org/packages/a3/c2/24167ea9858356b47a87a50d39908bfdb72ceeefe0041586e704e5376b3a/certifi-2026.7.22.tar.gz", hash = "sha256:741e2c3b351ddf169a738da9f2c048608ff7f2c5cc02f1ebc6b118bb090d5d55", size = 138112, upload-time = "2026-07-22T03:35:12.644Z" }
wheels = [
    { url = "https://files.pythonhosted.org/packages/0b/a7/71ac2cff56fec219ed242bb11b8efb69fcc4bec75db06fb7bfe35de520e6/certifi-2026.7.22-py3-none-any.whl", hash = "sha256:62f22742b58a1a33014a2b6b706588a8d7e2a88ae7bd1a6ebe8c992928483775", size = 136983, upload-time = "2026-07-22T03:35:11.276Z" },
]

[[package]]
name = "charset-normalizer"
version = "3.5.2"
source = { registry = "https://pypi.org/simple" }
sdist = { url = "https://files.pythonhosted.org/packages/33/1c/f41d4e74c28ab327ff3acd36053f7ea506c55872d7a90b0fa71aa3ab0c89/charset_normalizer-3.5.2.tar.gz", hash = "sha256:39de2a259fc954455c57274dc94c79d5842774e1247a016aff30bc0efed0f4ef", size = 172659, upload-time = "2026-09-30T04:39:23.398Z" }
wheels = [
    { url = "https://files.pythonhosted.org/packages/e7/c8/693809898870237d82785a03f3b2b58fe4c9f14669f84a7d4e623c92a59e/charset_normalizer-3.5.2-cp312-cp312-macosx_10_13_universal2.whl", hash = "sha256:ed2a239c0ea213acc1908150a3037257083c7c083128f1a4cec2ec4b97dca491", size = 367780, upload-time = "2026-09-30T04:35:30.888Z" },
    { url = "https://files.pythonhosted.org/packages/c9/87/2fea8c13dc24b3ca9c6f803a5b2dfdeae73eb4f9e12c7885ed908ff0433c/charset_normalizer-3.5.2-cp312-cp312-manylinux2014_aarch64.manylinux_2_17_aarch64.manylinux_2_28_aarch64.whl", hash = "sha256:b91363207bd9dc966a691e959bb47f64b30f7ac4b072be9968b366982f7db77c", size = 246730, upload-time = "2026-09-30T04:35:32.286Z" },
    { url = "https://files.pythonhosted.org/packages/a8/9e/09efac30b937722f46d3110ba30b875b24b2e3a266ed746cc4e376a94d80/charset_normalizer-3.5.2-cp312-cp312-manylinux2014_armv7l.manylinux_2_17_armv7l.manylinux_2_31_armv7l.whl", hash = "sha256:38a873987f3be698494da8b2e3085e29da02da7b633dce73e79c699a113d7bf0", size = 237707, upload-time = "2026-09-30T04:35:33.709Z" },
    { url = "https://files.pythonhosted.org/packages/9e/18/70d76670b13686237863a379928d60bd10e021f17d243ab3d7014c4a5f4e/charset_normalizer-3.5.2-cp312-cp312-manylinux2014_ppc64le.manylinux_2_17_ppc64le.manylinux_2_28_ppc64le.whl", hash = "sha256:355ad8011081dec5412240c087a9a0c9d4d5039f3ed11a3f13e18c2b29b56c51", size = 273050, upload-time = "2026-09-30T04:35:35.138Z" },
    { url = "https://files.pythonhosted.org/packages/54/e2/77a8b09d5adc013ed07b95b01b8b8fa5441c4e810e83ee7e4aae2fa4d91a/charset_normalizer-3.5.2-cp312-cp312-manylinux2014_s390x.manylinux_2_17_s390x.manylinux_2_28_s390x.whl", hash = "sha256:ee21e28f0430bd6dc9086c6e525d5e818a44a5ad19720c8a0ef766792f3eb5e5", size = 270345, upload-time = "2026-09-30T04:35:36.502Z" },
    { url = "https://files.pythonhosted.org/packages/7f/c5/38806a25ab5e65fc178f39affeda20858efafede2fce1ffc2556cfc9fe73/charset_normalizer-3.5.2-cp312-cp312-manylinux2014_x86_64.manylinux_2_17_x86_64.manylinux_2_28_x86_64.whl", hash = "sha256:3d31298449090ab8d47b7b1b2a555ff73cac7ed438a08b7ac160980c7ebed649", size = 257601, upload-time = "2026-09-30T04:35:37.919Z" },
    { url = "https://files.pythonhosted.org/packages/ae/8d/213565184708fdb263ae55e2c04ee1ff748129dd65d48ed0e3502da9c85a/charset_normalizer-3.5.2-cp312-cp312-manylinux_2_31_riscv64.manylinux_2_39_riscv64.whl", hash = "sha256:5cde776b7cc66e4f6c99612cea4aa7269aa65863f7a15841b2c264f103822f4e", size = 252222, upload-time = "2026-09-30T04:35:39.544Z" },
    { url = "https://files.pythonhosted.org/packages/7e/24/76d2cefc25472531e4c5c7dfff68865eb1c39b78482f0fdc15b46f047830/charset_normalizer-3.5.2-cp312-cp312-musllinux_1_2_aarch64.whl", hash = "sha256:ae4f5fea5b8b8ccff88238cc8569303e5ee95efae67fa62922a311397a71f346", size = 248482, upload-time = "2026-09-30T04:35:41.088Z" },
    { url = "https://files.pythonhosted.org/packages/7d/dc/65a801b66ab4c197e22c433ab25e7ac24324ac6f45a2269aca42cce309bf/charset_normalizer-3.5.2-cp312-cp312-musllinux_1_2_armv7l.whl", hash = "sha256:f7d486c83842422badd511868fd8a9a20e9407ace71564b6af47ce7e60a336c1", size = 241206, upload-time = "2026-09-30T04:35:42.59Z" },
    { url = "https://files.pythonhosted.org/packages/a7/95/ca9b5eabde673002c6f1e7ada1b223916fe18f6d661da7aabd4d643718f1/charset_normalizer-3.5.2-cp312-cp312-musllinux_1_2_ppc64le.whl", hash = "sha256:11a4d68a6ecda3292cb1e50239e111543ba5d709bb62a6b4ea1afcfa729d8875", size = 273190, upload-time = "2026-09-30T04:35:44.347Z" },
    { url = "https://files.pythonhosted.org/packages/2d/8b/803b4d2a3f6e1740f63f1e87b04d14b42f3d4fdfe6ed7d4db2d34102b14f/charset_normalizer-3.5.2-cp312-cp312-musllinux_1_2_riscv64.whl", hash = "sha256:d6734d2ef8a50fbf8445c139477da401f50d62a0606bf00e20ec6d87773fefb1", size = 253527, upload-time = "2026-09-30T04:35:45.915Z" },
    { url = "https://files.pythonhosted.org/packages/a9/55/93c0e5dbd085ae0471346026abbe7e0db9ea2d6fea74e51f0b5a46f233a7/charset_normalizer-3.5.2-cp312-cp312-musllinux_1_2_s390x.whl", hash = "sha256:a815775b6c38d4e0ff7bcffbeba67feded90202bb6a226b8dd35f1c855217413", size = 271285, upload-time = "2026-09-30T04:35:47.49Z" },
    { url = "https://files.pythonhosted.org/packages/95/69/0dbd0e0b9b16cfa816cdfcb3e2e3854a1f680dc07fb1245ea125e7448060/charset_normalizer-3.5.2-cp312-cp312-musllinux_1_2_x86_64.whl", hash = "sha256:23851fb4e1b85ed3f6c2a27b777cdfe2e19fb5b38429a8faf38c7542b7665869", size = 260010, upload-time = "2026-09-30T04:35:48.996Z" },
    { url = "https://files.pythonhosted.org/packages/58/9d/e7b88e7b1bf403590c3b573277b5e1e488c68c7a6fbacca310a2c324e90c/charset_normalizer-3.5.2-cp312-cp312-win32.whl", hash = "sha256:db19d07e2e0129e974a0e65d0064fc222a446cd5122c2fd4184d2af9fc734a9e", size = 184125, upload-time = "2026-09-30T04:35:50.777Z" },
    { url = "https://files.pythonhosted.org/packages/eb/e6/e6e083884cbcfd49c64865af05027fe7011be7b2d9179524f099a1b611f3/charset_normalizer-3.5.2-cp312-cp312-win_amd64.whl", hash = "sha256:780fbe7cab297b81dad9fb8dc5eb003c0468ffb0d9e5f65068c53a34661a96bc", size = 207486, upload-time = "2026-09-30T04:35:52.194Z" },
    { url = "https://files.pythonhosted.org/packages/c4/e3/017aea0911ada7405a825c7d937eb3a13009664e2f5b38e8c4bbf2abf894/charset_normalizer-3.5.2-cp312-cp312-win_arm64.whl", hash = "sha256:e2af3aad578aa6bd1384bcf4750fc285e5a9de53f40b7d41e5a0bf748edeb2b3", size = 196734, upload-time = "2026-09-30T04:35:53.636Z" },
    { url = "https://files.pythonhosted.org/packages/8c/ab/176fbfd5b64939c55d652366aa5b9ef1d767af207a3aa6ebeb0d226c484d/charset_normalizer-3.5.2-cp37-abi3-macosx_10_9_universal2.whl", hash = "sha256:4275811936e2f06feff5e598fb42a1b7ae852da8e39605211892b56b81a34efd", size = 331815, upload-time = "2026-09-30T04:38:26.216Z" },
    { url = "https://files.pythonhosted.org/packages/7e/84/371eac6b30bdbcbf2d632a1a01809103459216fcaae61b8b8d922c1bfb8a/charset_normalizer-3.5.2-cp37-abi3-manylinux1_x86_64.manylinux_2_28_x86_64.manylinux_2_5_x86_64.whl", hash = "sha256:1c50fe28bbc2ced33386f298650d91218076c05420e6cbd790b913adc41659e7", size = 253276, upload-time = "2026-09-30T04:38:28.032Z" },
    { url = "https://files.pythonhosted.org/packages/43/6f/c4fbae58febff71709c51bc7e18fdfa55341dc382704740f9f0cbf03817b/charset_normalizer-3.5.2-cp37-abi3-manylinux2014_aarch64.manylinux_2_17_aarch64.manylinux_2_28_aarch64.whl", hash = "sha256:d19fbd981a488e22cd04883659ca6b08f50b5974f9fd7c95655ef6a043e5893f", size = 241239, upload-time = "2026-09-30T04:38:29.732Z" },
    { url = "https://files.pythonhosted.org/packages/61/71/458c3f42164a07d0c5210798e9e704b39e540a6793b05aba67f3a35243a9/charset_normalizer-3.5.2-cp37-abi3-manylinux2014_armv7l.manylinux_2_17_armv7l.manylinux_2_31_armv7l.whl", hash = "sha256:0fed1d06615f022ee3b13caf5e8b180cfea32bb2c5aded8a9d44277afc040f93", size = 231121, upload-time = "2026-09-30T04:38:31.462Z" },
    { url = "https://files.pythonhosted.org/packages/09/54/ab9e89367076f6331bb6c65c4bf14a5361fa5191cb6561bf534f18504e1b/charset_normalizer-3.5.2-cp37-abi3-manylinux2014_ppc64le.manylinux_2_17_ppc64le.manylinux_2_28_ppc64le.whl", hash = "sha256:838dcc90063569a0448120554591a1d6c4a4ffe11babf048908793154ab86ade", size = 260350, upload-time = "2026-09-30T04:38:33.239Z" },
    { url = "https://files.pythonhosted.org/packages/7c/c1/061431ecc688d9d76602502cb57cc01e691e682c18f1beb45f9673b5bbd2/charset_normalizer-3.5.2-cp37-abi3-manylinux2014_s390x.manylinux_2_17_s390x.manylinux_2_28_s390x.whl", hash = "sha256:2ce45c6627b22c47e390bc91a41c3d13032192e699fa0bea96e9671b373d69b0", size = 255430, upload-time = "2026-09-30T04:38:34.865Z" },
    { url = "https://files.pythonhosted.org/packages/8d/1f/20c8949f0676f7ab811abdeb7f4d7f1cbc6e61ff20bef08b44edeb092bc8/charset_normalizer-3.5.2-cp37-abi3-manylinux_2_31_riscv64.manylinux_2_39_riscv64.whl", hash = "sha256:0774bf9bf620249fee3e0b8b9fd3065de213be30f3aa94ce2494b3b638949e26", size = 250612, upload-time = "2026-09-30T04:38:36.649Z" },
    { url = "https://files.pythonhosted.org/packages/2b/9e/46f2fa4c431fc98c4ae76a8cb5bdca54e0341e3cfc3fcfd8e82740250818/charset_normalizer-3.5.2-cp37-abi3-musllinux_1_2_aarch64.whl", hash = "sha256:1db38f4c5496827c1a501846d64d14c3b80c7e6714e406cd7dc36a9899fa1011", size = 242083, upload-time = "2026-09-30T04:38:38.26Z" },
    { url = "https://files.pythonhosted.org/packages/bd/39/559be29a0c0f086e0bba6922babd38916cc5e0b58ced4de13ee01ea05508/charset_normalizer-3.5.2-cp37-abi3-musllinux_1_2_armv7l.whl", hash = "sha256:304d8e4d493af723536393eee0c689eb7813f4a474c8b479dee63f1fdd98f621", size = 232738, upload-time = "2026-09-30T04:38:39.81Z" },
    { url = "https://files.pythonhosted.org/packages/ff/6c/387b0e4f756a282831c1d9fc6aeb6c51ca4507ca202767c8de15ce9b12e2/charset_normalizer-3.5.2-cp37-abi3-musllinux_1_2_ppc64le.whl", hash = "sha256:9b7f416ff0978e2f2249330527f0ad6fa02f4932e6199692d3b52da2048c19e4", size = 260703, upload-time = "2026-09-30T04:38:41.346Z" },
    { url = "https://files.pythonhosted.org/packages/96/92/1fdf015f09ef449f50d3ac4b67c90887c9c318b727daa95cc4f866e6521d/charset_normalizer-3.5.2-cp37-abi3-musllinux_1_2_riscv64.whl", hash = "sha256:01077390b03f7988f11d700a2194e69b119741a86b1a638b1db88891e3eced8e", size = 247622, upload-time = "2026-09-30T04:38:42.937Z" },
    { url = "https://files.pythonhosted.org/packages/dc/3c/8e7b8a5671ad5d433669fb2a76f1a0164df2d9b1718b0206bc2a16d840cc/charset_normalizer-3.5.2-cp37-abi3-musllinux_1_2_s390x.whl", hash = "sha256:7e841fb9010836c992c9f12fcbd43a831de93a5f726fc1ccd8ca1d0268c5014c", size = 257500, upload-time = "2026-09-30T04:38:44.604Z" },
    { url = "https://files.pythonhosted.org/packages/b4/f0/45b579df5cabc1d5d53ea1cc35e8437d3ca768c0acccc7041517cb6fbb32/charset_normalizer-3.5.2-cp37-abi3-musllinux_1_2_x86_64.whl", hash = "sha256:9cae88599c7219005d879f98e5ed53341e9a122af585e1091200358a3003d2a0", size = 255100, upload-time = "2026-09-30T04:38:46.289Z" },
    { url = "https://files.pythonhosted.org/packages/31/68/fdec18a343f5fb3f310588dd478b09ac4799e0b187dbade3a8cd776f03ef/charset_normalizer-3.5.2-cp37-abi3-win32.whl", hash = "sha256:01b0c0d2262a9e28e8484a278c7e1b5d650e3ac8cf2683d2967e25899f208bdf", size = 174499, upload-time = "2026-09-30T04:38:47.999Z" },
    { url = "https://files.pythonhosted.org/packages/9d/8a/b618149cc5207943a0242068d7a27897f56a62947b5a039085f2a22029f8/charset_normalizer-3.5.2-cp37-abi3-win_amd64.whl", hash = "sha256:9f56f72050826f63dcee7a7f55b0a77168cb3bfc553fd405e7f8f9ece75a4036", size = 200092, upload-time = "2026-09-30T04:38:49.707Z" },
    { url = "https://files.pythonhosted.org/packages/03/cf/4c66866fa9e2b1c78e3c911516d1de497a677b7ac60f1eceda74ce777ca3/charset_normalizer-3.5.2-cp37-abi3-win_arm64.whl", hash = "sha256:40ab6bffa02ae10a0581e6c198be7d2d8ca5c2a0c64e4ed3465d766df457573e", size = 294363, upload-time = "2026-09-30T04:38:51.312Z" },
    { url = "https://files.pythonhosted.org/packages/fc/ad/d07d7862a62ffa6d79d68074d14823243dd235a77c45262acbf6adeb28bf/charset_normalizer-3.5.2-py3-none-any.whl", hash = "sha256:b6b751274acb69d77b3323d6b7dbaa3c7fdfc1eb829b7eb61d262f32e1af9685", size = 68872, upload-time = "2026-09-30T04:39:21.828Z" },
]

[[package]]
name = "greenlet"
version = "3.5.6"
source = { registry = "https://pypi.org/simple" }
sdist = { url = "https://files.pythonhosted.org/packages/3e/6e/0091f175ccd02b02bc8811bbcbcc6ac2e980be116e3b2f7a736ca322bf84/greenlet-3.5.6.tar.gz", hash = "sha256:8e67c43bdfc88d5fee6db0d3e40175b362fc95fb85f0412d233b9b203c53a575", size = 207653, upload-time = "2026-09-14T15:42:51.806Z" }
wheels = [
    { url = "https://files.pythonhosted.org/packages/72/18/3fc6d951466ae9a2a688edcddde3b2e388da0a8244e0caf7117bbeb0eb95/greenlet-3.5.6-cp312-cp312-macosx_11_0_universal2.whl", hash = "sha256:a5876d0a60355af98d535c47f6cd6eb0f8a432396dab26845d380b92f8412422", size = 295668, upload-time = "2026-09-14T14:22:33.241Z" },
    { url = "https://files.pythonhosted.org/packages/27/89/366d2af5061eeefa5012f510d95a99c8620dcc457609838db4d538820318/greenlet-3.5.6-cp312-cp312-manylinux_2_24_aarch64.manylinux_2_28_aarch64.whl", hash = "sha256:e85880b538e59a59f55117b81f208a6660ad5ac328aad9305f812d9b8bc67a0f", size = 611700, upload-time = "2026-09-14T15:12:01.962Z" },
    { url = "https://files.pythonhosted.org/packages/54/1c/07f133f865fd58ae593dd2bbec3144acaee9b04ffe2eb48c6e121747ceef/greenlet-3.5.6-cp312-cp312-manylinux_2_24_ppc64le.manylinux_2_28_ppc64le.whl", hash = "sha256:f0ba7c2a329d650628f4c8572fd1db29f0a59dd70a3e3e0710dcf18a35cce9d8", size = 624223, upload-time = "2026-09-14T15:20:42.459Z" },
    { url = "https://files.pythonhosted.org/packages/a7/f2/844dc823ff2752ad049caa6b59d57e4572f9c445934b02d3518f4c67197c/greenlet-3.5.6-cp312-cp312-manylinux_2_24_s390x.manylinux_2_28_s390x.whl", hash = "sha256:ee7d9da3bf493909cf811a3f038840cb34fab5ae2956b8a263919f6e289ab188", size = 629529, upload-time = "2026-09-14T15:25:06.354Z" },
    { url = "https://files.pythonhosted.org/packages/66/6a/1594f3869c57c149abdb380492529e04d4c0229b5e4d79572c5bd0aaa673/greenlet-3.5.6-cp312-cp312-manylinux_2_24_x86_64.manylinux_2_28_x86_64.whl", hash = "sha256:975736b002ed080d124cf81a79cb7e05cb26d6b3f5c7a7b651c0fcce70353aa1", size = 621404, upload-time = "2026-09-14T14:35:59.027Z" },
    { url = "https://files.pythonhosted.org/packages/c0/42/b1f8dbc89a53b9e77859fc1ad1627d106fc361daa3ea4bdf43a91ebb4338/greenlet-3.5.6-cp312-cp312-manylinux_2_39_riscv64.whl", hash = "sha256:71890d5247020c25c21a6b65202782bfc281d4e6e244842419d30e3492bb6dcc", size = 432385, upload-time = "2026-09-14T15:28:37.369Z" },
    { url = "https://files.pythonhosted.org/packages/a2/f5/33e5c9e48178b9259fd000f8f45caa4a65036f65d3d0c06a602f570f025d/greenlet-3.5.6-cp312-cp312-musllinux_1_2_aarch64.whl", hash = "sha256:0616b8f878098c5681fd8f0dc92d887551717402342a70f0abcbfea5f5ad8a44", size = 1584998, upload-time = "2026-09-14T15:10:06.653Z" },
    { url = "https://files.pythonhosted.org/packages/ef/31/9b4e140bc24d0ad7927ebd651f5608b0acc2334d061748c3b6ad19085cfa/greenlet-3.5.6-cp312-cp312-musllinux_1_2_x86_64.whl", hash = "sha256:3dbb4596a6a4e5d47121a33ff20533a81e60f302d9e67b69909a8bc21a43f0a7", size = 1647568, upload-time = "2026-09-14T14:35:49.787Z" },
    { url = "https://files.pythonhosted.org/packages/c3/71/d79f1791f824f8ff15c2978746640467ae932a2365e0201069f7f272395f/greenlet-3.5.6-cp312-cp312-win_amd64.whl", hash = "sha256:7ac4abb3877c43af320392c664774eef6fa2cc063c79a55fc02d844a3cbe7395", size = 324203, upload-time = "2026-09-14T14:22:54.504Z" },
    { url = "https://files.pythonhosted.org/packages/63/af/42aca4d56e8cb321912203069d8d34734cb288222f10ad2ae102718cc577/greenlet-3.5.6-cp312-cp312-win_arm64.whl", hash = "sha256:301102a49120b095e72a7838792b41233975fc1c155daec6d98f81c00c9280e0", size = 308310, upload-time = "2026-09-14T14:24:03.008Z" },
]

[[package]]
name = "httplib2"
version = "0.32.0"
source = { registry = "https://pypi.org/simple" }
dependencies = [
    { name = "pyparsing" },
]
sdist = { url = "https://files.pythonhosted.org/packages/84/f5/ccf58de92d61e3ad921119668f54ed36ca1d0cf5dcc5c1657dfb164fd78b/httplib2-0.32.0.tar.gz", hash = "sha256:48a0ef30a42db65d8f3399045e1d09ab0ba66e3b9efc360d07f80ea55d286025", size = 254283, upload-time = "2026-06-26T10:13:56.265Z" }
wheels = [
    { url = "https://files.pythonhosted.org/packages/33/a0/550eec327e5f5c7b732531c489f5307efec41f047b0d703bd4ca1e5ad2db/httplib2-0.32.0-py3-none-any.whl", hash = "sha256:dc6705cacdf3fb0a2aba7629fa33c90fd93e30035db0c157325826be177e4816", size = 93148, upload-time = "2026-06-26T10:13:54.985Z" },
]

[[package]]
name = "idna"
version = "3.20"
source = { registry = "https://pypi.org/simple" }
sdist = { url = "https://files.pythonhosted.org/packages/f5/08/8eea9d4b8302028f3abb2c0813953f7aec26d33b7a8960ed760e65ff29fa/idna-3.20.tar.gz", hash = "sha256:a7db850025b95ded1eae8a46181a1a6c56c92c96f0e2b005d9ff8dc0210cab44", size = 216463, upload-time = "2026-09-17T14:11:04.752Z" }
wheels = [
    { url = "https://files.pythonhosted.org/packages/58/a2/bb081bab032533a855d44de1d56f8e8426114ff1ba5d1f07a438a0a654f8/idna-3.20-py3-none-any.whl", hash = "sha256:ab7ae7122974553370f0bdb919e1a960b2cd1bc1ef0276416d896db81c14582c", size = 69583, upload-time = "2026-09-17T14:11:03.168Z" },
]

[[package]]
name = "markdown-it-py"
version = "4.2.0"
source = { registry = "https://pypi.org/simple" }
dependencies = [
    { name = "mdurl" },
]
sdist = { url = "https://files.pythonhosted.org/packages/06/ff/7841249c247aa650a76b9ee4bbaeae59370dc8bfd2f6c01f3630c35eb134/markdown_it_py-4.2.0.tar.gz", hash = "sha256:04a21681d6fbb623de53f6f364d352309d4094dd4194040a10fd51833e418d49", size = 82454, upload-time = "2026-05-07T12:08:28.36Z" }
wheels = [
    { url = "https://files.pythonhosted.org/packages/b3/81/4da04ced5a082363ecfa159c010d200ecbd959ae410c10c0264a38cac0f5/markdown_it_py-4.2.0-py3-none-any.whl", hash = "sha256:9f7ebbcd14fe59494226453aed97c1070d83f8d24b6fc3a3bcf9a38092641c4a", size = 91687, upload-time = "2026-05-07T12:08:27.182Z" },
]

[[package]]
name = "markdown-pdf"
version = "1.13.3"
source = { registry = "https://pypi.org/simple" }
dependencies = [
    { name = "markdown-it-py" },
    { name = "plantuml" },
    { name = "pymupdf" },
    { name = "requests" },
    { name = "six" },
]
sdist = { url = "https://files.pythonhosted.org/packages/f9/e3/8d5f175783e53c741c2c8276137f774b84145f23708cf32d0499331ba8f6/markdown_pdf-1.13.3.tar.gz", hash = "sha256:9800f16c597b5a8b6d62f98d141a23aadba973aceb0fb544a87fba127fdeb7b6", size = 23141, upload-time = "2026-08-26T05:08:50.816Z" }
wheels = [
    { url = "https://files.pythonhosted.org/packages/bb/4a/15df7a92b54c3b7a8c04c368390939568eb8e18ee1babcc3df8b0b8dfc84/markdown_pdf-1.13.3-py3-none-any.whl", hash = "sha256:eeeb4e3f91404f32a564a7764ee205996c5f6680c3ddbe447d25aa5fc976cca1", size = 21262, upload-time = "2026-08-26T05:08:49.598Z" },
]

[[package]]
name = "mdurl"
version = "0.1.2"
source = { registry = "https://pypi.org/simple" }
sdist = { url = "https://files.pythonhosted.org/packages/d6/54/cfe61301667036ec958cb99bd3efefba235e65cdeb9c84d24a8293ba1d90/mdurl-0.1.2.tar.gz", hash = "sha256:bb413d29f5eea38f31dd4754dd7377d4465116fb207585f97bf925588687c1ba", size = 8729, upload-time = "2022-08-14T12:40:10.846Z" }
wheels = [
    { url = "https://files.pythonhosted.org/packages/b3/38/89ba8ad64ae25be8de66a6d463314cf1eb366222074cfda9ee839c56a4b4/mdurl-0.1.2-py3-none-any.whl", hash = "sha256:84008a41e51615a49fc9966191ff91509e3c40b939176e643fd50a5c2196b8f8", size = 9979, upload-time = "2022-08-14T12:40:09.779Z" },
]

[[package]]
name = "ml-pazl-1"
version = "0.1.0"
source = { virtual = "." }
dependencies = [
    { name = "markdown-pdf" },
    { name = "playwright" },
]

[package.metadata]
requires-dist = [
    { name = "markdown-pdf" },
    { name = "playwright" },
]

[[package]]
name = "plantuml"
version = "0.3.0"
source = { registry = "https://pypi.org/simple" }
dependencies = [
    { name = "httplib2" },
]
wheels = [
    { url = "https://files.pythonhosted.org/packages/a9/1a/4603314acf466fdad91b7f6c83eb1364a7e279f9a8805febe3554f17faf6/plantuml-0.3.0-py3-none-any.whl", hash = "sha256:f21789bc4abc3e8888d23a8fa010e942989f1a73d6e50e10a54688cbee52aa1c", size = 5777, upload-time = "2019-11-01T17:10:06.808Z" },
]

[[package]]
name = "playwright"
version = "1.63.0"
source = { registry = "https://pypi.org/simple" }
dependencies = [
    { name = "greenlet" },
    { name = "pyee" },
]
wheels = [
    { url = "https://files.pythonhosted.org/packages/19/dd/fbb3d34228ad753bc14464d5f2252585b73367539775a88d0a3949cf5a45/playwright-1.63.0-py3-none-macosx_10_13_x86_64.whl", hash = "sha256:84c540759e8e7f01e690e197e04060f48899d37cea322299f255843273d3385d", size = 44278407, upload-time = "2026-09-15T16:49:06.045Z" },
    { url = "https://files.pythonhosted.org/packages/f5/9a/948b930b1a8c4ee869e5a139a2b7747caa06aab56a3f09a2f0abdcbda221/playwright-1.63.0-py3-none-macosx_11_0_arm64.whl", hash = "sha256:fd1aa00631d44d55e56e0975bf3f3f285fac4a9fd2813183f0c12a488f1a1b24", size = 42944679, upload-time = "2026-09-15T16:49:10.039Z" },
    { url = "https://files.pythonhosted.org/packages/94/11/dc5c13fa1602371603acd461be47529c1b3513815d3a0dc98f642c291a10/playwright-1.63.0-py3-none-macosx_11_0_universal2.whl", hash = "sha256:c89fc4736502a1f0fac2c8ca5d10c0cbc1c669f1f4774a2d8507a43140e4d53f", size = 44278410, upload-time = "2026-09-15T16:49:13.861Z" },
    { url = "https://files.pythonhosted.org/packages/27/9c/103a5037789062bdab27c7dca53f3ca6b075b572ab2cd96eec825b3aec4e/playwright-1.63.0-py3-none-manylinux1_x86_64.whl", hash = "sha256:ad21bc07516b187965a7521c5cf0df0bd657b17482eaad74335272d35a2b07de", size = 48217159, upload-time = "2026-09-15T16:49:17.404Z" },
    { url = "https://files.pythonhosted.org/packages/f3/82/3d85505284c5a210f2da6c07b8f757524e79d1fba9cfdafe1eafb766ae59/playwright-1.63.0-py3-none-manylinux_2_17_aarch64.manylinux2014_aarch64.whl", hash = "sha256:354e15b29503565fc598b89f16fbe070459343bef9d7498a93e304864000c6a7", size = 47902708, upload-time = "2026-09-15T16:49:21.055Z" },
    { url = "https://files.pythonhosted.org/packages/69/8d/f74ff6b52751859f4b69caf66aa7d4a3c8d6c1f0c7dc9920da103612ee39/playwright-1.63.0-py3-none-win32.whl", hash = "sha256:660c00c62639e31b16700ba5456b351ddba55bb766b7ce8261223aa34928e482", size = 38606075, upload-time = "2026-09-15T16:49:29.546Z" },
    { url = "https://files.pythonhosted.org/packages/76/eb/d6b8d92658038e260dbc7dd69fb3fdbe245aac283953de8b50b02bfe5f61/playwright-1.63.0-py3-none-win_amd64.whl", hash = "sha256:2f9a707a6c6c91157ed77bff2b8caeb04b3c8d46e70d585fc134298cbe4b5cc6", size = 38606082, upload-time = "2026-09-15T16:49:32.838Z" },
    { url = "https://files.pythonhosted.org/packages/be/75/2432b3e3c7c62103b72d4c4cc8b16a56383ada372bbb0d1278591e988f71/playwright-1.63.0-py3-none-win_arm64.whl", hash = "sha256:1e4a3a838ce22fb68ad17193fcd142a19610d9d70fb9966d2239f5dddc0cc05b", size = 34523554, upload-time = "2026-09-15T16:49:36.455Z" },
]

[[package]]
name = "pyee"
version = "13.0.1"
source = { registry = "https://pypi.org/simple" }
dependencies = [
    { name = "typing-extensions" },
]
sdist = { url = "https://files.pythonhosted.org/packages/8b/04/e7c1fe4dc78a6fdbfd6c337b1c3732ff543b8a397683ab38378447baa331/pyee-13.0.1.tar.gz", hash = "sha256:0b931f7c14535667ed4c7e0d531716368715e860b988770fc7eb8578d1f67fc8", size = 31655, upload-time = "2026-02-14T21:12:28.044Z" }
wheels = [
    { url = "https://files.pythonhosted.org/packages/a0/c4/b4d4827c93ef43c01f599ef31453ccc1c132b353284fc6c87d535c233129/pyee-13.0.1-py3-none-any.whl", hash = "sha256:af2f8fede4171ef667dfded53f96e2ed0d6e6bd7ee3bb46437f77e3b57689228", size = 15659, upload-time = "2026-02-14T21:12:26.263Z" },
]

[[package]]
name = "pymupdf"
version = "1.28.2"
source = { registry = "https://pypi.org/simple" }
sdist = { url = "https://files.pythonhosted.org/packages/a3/fb/b6761fa2d5266f2cdb24c3b91f4023070ab7848381417678e7a289a1d52a/pymupdf-1.28.2.tar.gz", hash = "sha256:5e0be7908a715aa20333caddd73f1d6f01e4cd0c26e869fa2dd0b7f344da2249", size = 87903557, upload-time = "2026-08-06T21:43:23.321Z" }
wheels = [
    { url = "https://files.pythonhosted.org/packages/b4/51/550c9a75c4ff3245cb4ecb7bb95cbe2ab7374230b8e2b7a1f7259444150b/pymupdf-1.28.2-cp310-abi3-macosx_10_15_x86_64.whl", hash = "sha256:5fc315b425ff1f7afdd1ea2f348205cb19b806767daae7ce4d64115799c2bae1", size = 24645079, upload-time = "2026-08-06T21:37:25.001Z" },
    { url = "https://files.pythonhosted.org/packages/fa/01/3591f781b417b382a8487a2356e927acfe858b1043bab0ec47f6805bb109/pymupdf-1.28.2-cp310-abi3-macosx_11_0_arm64.whl", hash = "sha256:7113846b35dbf0a033f088e4f4fb543dabeb4b0b12c112966a1ca1ee2d5eacae", size = 23875605, upload-time = "2026-08-06T21:37:40.369Z" },
    { url = "https://files.pythonhosted.org/packages/d2/86/4a68f080b71b46802178346af46486e1697508e760855ff5f3b218a6dff7/pymupdf-1.28.2-cp310-abi3-manylinux_2_28_aarch64.whl", hash = "sha256:3050a233dde1211efe89ada74e2add6238436434159f46097a1423aad2842545", size = 25095554, upload-time = "2026-08-06T21:37:58.485Z" },
    { url = "https://files.pythonhosted.org/packages/c7/06/dace3e27af26690cb20bead80dbac42941b0841eb689b8aabbd67dde16f0/pymupdf-1.28.2-cp310-abi3-manylinux_2_28_x86_64.whl", hash = "sha256:397d6715c1f0df7548a92d0afd8ce370fc48fa47aeefac16be2bc04a16a8227f", size = 25762500, upload-time = "2026-08-06T21:38:17.438Z" },
    { url = "https://files.pythonhosted.org/packages/e5/61/4146dfa1d8172a1ce8d59f0eed94896ddefb8deb2274534d0522fbb8abf5/pymupdf-1.28.2-cp310-abi3-musllinux_1_2_x86_64.whl", hash = "sha256:f89fb2d86d07d643a269f17a093105057e20c79c1d06c103b53600067b6d2b01", size = 25986309, upload-time = "2026-08-06T21:38:35.472Z" },
    { url = "https://files.pythonhosted.org/packages/52/60/1fb6e64676f7500ebe89054b9e5bbbe14d3101c92d5f1a40ac9a35227673/pymupdf-1.28.2-cp310-abi3-win32.whl", hash = "sha256:530ef543a3885b3b81cb72a854e7c5a625a9233201221132bb6c31698c6a2bdb", size = 18525353, upload-time = "2026-08-06T21:38:47.697Z" },
    { url = "https://files.pythonhosted.org/packages/4a/61/d563bbccba262f9dd6d2d35ccb72593648184d886188efb12d9ce8f34dd6/pymupdf-1.28.2-cp310-abi3-win_amd64.whl", hash = "sha256:ebd244918798502d7b4504c90410d1711a4d7675a32584ca30f1bab419ecbffe", size = 19826532, upload-time = "2026-08-06T21:39:00.213Z" },
    { url = "https://files.pythonhosted.org/packages/e2/93/08f404a1f0155fe24137cf2d3aabd3e2b4b08c62053ed89c60f2611be3e9/pymupdf-1.28.2-cp310-abi3-win_arm64.whl", hash = "sha256:ffe91a24edc75c80da2a4b62f50fc0f54632d34fc8fe4cbc48e5c7ff07cf8fb4", size = 19759252, upload-time = "2026-08-06T21:39:12.937Z" },
    { url = "https://files.pythonhosted.org/packages/58/8c/d897dcd32a25b58186c968b15ce4324ca029e9d96460de12325314e390be/pymupdf-1.28.2-cp313-abi3-pyemscripten_2025_0_wasm32.whl", hash = "sha256:2e1b574c0fd2cb238021033fd3c0f9c4388816638df064e4bfb56d9d81736dc8", size = 18399403, upload-time = "2026-08-06T21:39:25.008Z" },
]

[[package]]
name = "pyparsing"
version = "3.3.3"
source = { registry = "https://pypi.org/simple" }
sdist = { url = "https://files.pythonhosted.org/packages/e4/11/b213bebff182584360cb8d17c72c1677fec5c5c228de439e63bcf8ab1c8f/pyparsing-3.3.3.tar.gz", hash = "sha256:928ae7e20211f3b6f3915a72f06a0cfd29ab9d24279dd6346b6b1a7146397d36", size = 1050487, upload-time = "2026-09-20T20:59:05.609Z" }
wheels = [
    { url = "https://files.pythonhosted.org/packages/38/bb/d215ee7c73b61497b28a5503f9f53523f294fcc936762b7caf90e0c1c2b5/pyparsing-3.3.3-py3-none-any.whl", hash = "sha256:ece8c00a69cf01b45d0b1dedabb469c90d8caf996d4fda40f147627a122849a4", size = 126420, upload-time = "2026-09-20T20:59:04.025Z" },
]

[[package]]
name = "requests"
version = "2.34.2"
source = { registry = "https://pypi.org/simple" }
dependencies = [
    { name = "certifi" },
    { name = "charset-normalizer" },
    { name = "idna" },
    { name = "urllib3" },
]
sdist = { url = "https://files.pythonhosted.org/packages/ac/c3/e2a2b89f2d3e2179abd6d00ebd70bff6273f37fb3e0cc209f48b39d00cbf/requests-2.34.2.tar.gz", hash = "sha256:f288924cae4e29463698d6d60bc6a4da69c89185ad1e0bcc4104f584e960b9ed", size = 142856, upload-time = "2026-05-14T19:25:27.735Z" }
wheels = [
    { url = "https://files.pythonhosted.org/packages/a0/f4/c67b0b3f1b9245e8d266f0f112c500d50e5b4e83cb6f3b71b6528104182a/requests-2.34.2-py3-none-any.whl", hash = "sha256:2a0d60c172f83ac6ab31e4554906c0f3b3588d37b5cb939b1c061f4907e278e0", size = 73075, upload-time = "2026-05-14T19:25:26.443Z" },
]

[[package]]
name = "six"
version = "1.17.0"
source = { registry = "https://pypi.org/simple" }
sdist = { url = "https://files.pythonhosted.org/packages/94/e7/b2c673351809dca68a0e064b6af791aa332cf192da575fd474ed7d6f16a2/six-1.17.0.tar.gz", hash = "sha256:ff70335d468e7eb6ec65b95b99d3a2836546063f63acc5171de367e834932a81", size = 34031, upload-time = "2024-12-04T17:35:28.174Z" }
wheels = [
    { url = "https://files.pythonhosted.org/packages/b7/ce/149a00dd41f10bc29e5921b496af8b574d8413afcd5e30dfa0ed46c2cc5e/six-1.17.0-py2.py3-none-any.whl", hash = "sha256:4721f391ed90541fddacab5acf947aa0d3dc7d27b2e1e8eda2be8970586c3274", size = 11050, upload-time = "2024-12-04T17:35:26.475Z" },
]

[[package]]
name = "typing-extensions"
version = "4.16.0"
source = { registry = "https://pypi.org/simple" }
sdist = { url = "https://files.pythonhosted.org/packages/f6/cc/6253133b5bb138fc3306cebfbda2c520f545d36b5be2c7255cc528bb45d6/typing_extensions-4.16.0.tar.gz", hash = "sha256:dc983d19a509c94dba722ee6abd33940f7c05a89e243c47e907eb4db6f1a43e5", size = 113555, upload-time = "2026-07-02T08:40:05.92Z" }
wheels = [
    { url = "https://files.pythonhosted.org/packages/49/d3/b8441a820a491ddfc024b0b0cf0393375b75ea13866d9c66727e54c2fc80/typing_extensions-4.16.0-py3-none-any.whl", hash = "sha256:481caa481374e813c1b176ada14e97f1f67a4539ce9cfeb3f350d78d6370c2e8", size = 45571, upload-time = "2026-07-02T08:40:04.659Z" },
]

[[package]]
name = "urllib3"
version = "2.8.0"
source = { registry = "https://pypi.org/simple" }
sdist = { url = "https://files.pythonhosted.org/packages/e3/05/b17359e1cefb4f909b5e40b1b90a496d987258916dbbf88e842c729f510e/urllib3-2.8.0.tar.gz", hash = "sha256:63bf2ead4c879426ebf22ef2a781eeb4aa3b4ae798a0435506f8687fd5bb9b63", size = 458972, upload-time = "2026-09-15T19:29:36.253Z" }
wheels = [
    { url = "https://files.pythonhosted.org/packages/92/9d/c4e665119135114480843e7ab388fa94d8480650450e6f8e26b70d323a4c/urllib3-2.8.0-py3-none-any.whl", hash = "sha256:0cf3cae568d36aa9576b28dfb35f11328f1cb974ca7647d9475ebb86c75ac6e3", size = 135717, upload-time = "2026-09-15T19:29:34.577Z" },
]
